
Microsoft Visual Studio Solution File, Format Version 12.00
# Visual Studio 14
VisualStudioVersion = 14.0.25420.1
MinimumVisualStudioVersion = 10.0.40219.1
Project("{FAE04EC0-301F-11D3-BF4B-00C04F79EFBC}") = "T001", "T001\T001.csproj", "{CA3F2166-AC58-4D2B-9933-B0FA39BC0E84}"
EndProject
Project("{FAE04EC0-301F-11D3-BF4B-00C04F79EFBC}") = "T002", "T002\T002.csproj", "{9C2E5C8E-2E5D-42D7-97AC-2072B46F4198}"
EndProject
Project("{FAE04EC0-301F-11D3-BF4B-00C04F79EFBC}") = "ControlLibrary", "ControlLibrary\ControlLibrary.csproj", "{7E75FBF0-35C9-44D9-B161-5C46C8720282}"
EndProject
Project("{FAE04EC0-301F-11D3-BF4B-00C04F79EFBC}") = "ClassLibrary", "ClassLibrary\ClassLibrary.csproj", "{DFD5350B-25F8-4D43-BA78-FFB7571BC52E}"
EndProject
Project("{FAE04EC0-301F-11D3-BF4B-00C04F79EFBC}") = "T004", "T004\T004.csproj", "{4A3CC0F3-DEB7-4067-A97C-7AAED7F6C383}"
EndProject
Project("{FAE04EC0-301F-11D3-BF4B-00C04F79EFBC}") = "T005", "T005\T005.csproj", "{BA1703A9-A86D-4529-8F6D-F636080F6597}"
EndProject
Project("{FAE04EC0-301F-11D3-BF4B-00C04F79EFBC}") = "T006", "T006\T006.csproj", "{FAE28269-1FF1-41CC-BE90-F55175BF16E8}"
EndProject
Project("{FAE04EC0-301F-11D3-BF4B-00C04F79EFBC}") = "T007", "T007\T007.csproj", "{77CF806F-87A4-48DE-A983-41144B931D1E}"
EndProject
Project("{FAE04EC0-301F-11D3-BF4B-00C04F79EFBC}") = "T008", "T008\T008.csproj", "{1BA543B3-20F1-413D-A1AC-B0046105E57F}"
EndProject
Global
	GlobalSection(SolutionConfigurationPlatforms) = preSolution
		Debug|Any CPU = Debug|Any CPU
		Debug|Mixed Platforms = Debug|Mixed Platforms
		Debug|Win32 = Debug|Win32
		Debug|x86 = Debug|x86
		Release|Any CPU = Release|Any CPU
		Release|Mixed Platforms = Release|Mixed Platforms
		Release|Win32 = Release|Win32
		Release|x86 = Release|x86
	EndGlobalSection
	GlobalSection(ProjectConfigurationPlatforms) = postSolution
		{CA3F2166-AC58-4D2B-9933-B0FA39BC0E84}.Debug|Any CPU.ActiveCfg = Debug|x86
		{CA3F2166-AC58-4D2B-9933-B0FA39BC0E84}.Debug|Mixed Platforms.ActiveCfg = Debug|x86
		{CA3F2166-AC58-4D2B-9933-B0FA39BC0E84}.Debug|Mixed Platforms.Build.0 = Debug|x86
		{CA3F2166-AC58-4D2B-9933-B0FA39BC0E84}.Debug|Win32.ActiveCfg = Debug|x86
		{CA3F2166-AC58-4D2B-9933-B0FA39BC0E84}.Debug|x86.ActiveCfg = Debug|x86
		{CA3F2166-AC58-4D2B-9933-B0FA39BC0E84}.Debug|x86.Build.0 = Debug|x86
		{CA3F2166-AC58-4D2B-9933-B0FA39BC0E84}.Release|Any CPU.ActiveCfg = Release|x86
		{CA3F2166-AC58-4D2B-9933-B0FA39BC0E84}.Release|Mixed Platforms.ActiveCfg = Release|x86
		{CA3F2166-AC58-4D2B-9933-B0FA39BC0E84}.Release|Mixed Platforms.Build.0 = Release|x86
		{CA3F2166-AC58-4D2B-9933-B0FA39BC0E84}.Release|Win32.ActiveCfg = Release|x86
		{CA3F2166-AC58-4D2B-9933-B0FA39BC0E84}.Release|x86.ActiveCfg = Release|x86
		{CA3F2166-AC58-4D2B-9933-B0FA39BC0E84}.Release|x86.Build.0 = Release|x86
		{9C2E5C8E-2E5D-42D7-97AC-2072B46F4198}.Debug|Any CPU.ActiveCfg = Debug|x86
		{9C2E5C8E-2E5D-42D7-97AC-2072B46F4198}.Debug|Mixed Platforms.ActiveCfg = Debug|x86
		{9C2E5C8E-2E5D-42D7-97AC-2072B46F4198}.Debug|Mixed Platforms.Build.0 = Debug|x86
		{9C2E5C8E-2E5D-42D7-97AC-2072B46F4198}.Debug|Win32.ActiveCfg = Debug|x86
		{9C2E5C8E-2E5D-42D7-97AC-2072B46F4198}.Debug|x86.ActiveCfg = Debug|x86
		{9C2E5C8E-2E5D-42D7-97AC-2072B46F4198}.Debug|x86.Build.0 = Debug|x86
		{9C2E5C8E-2E5D-42D7-97AC-2072B46F4198}.Release|Any CPU.ActiveCfg = Release|x86
		{9C2E5C8E-2E5D-42D7-97AC-2072B46F4198}.Release|Mixed Platforms.ActiveCfg = Release|x86
		{9C2E5C8E-2E5D-42D7-97AC-2072B46F4198}.Release|Mixed Platforms.Build.0 = Release|x86
		{9C2E5C8E-2E5D-42D7-97AC-2072B46F4198}.Release|Win32.ActiveCfg = Release|x86
		{9C2E5C8E-2E5D-42D7-97AC-2072B46F4198}.Release|x86.ActiveCfg = Release|x86
		{9C2E5C8E-2E5D-42D7-97AC-2072B46F4198}.Release|x86.Build.0 = Release|x86
		{7E75FBF0-35C9-44D9-B161-5C46C8720282}.Debug|Any CPU.ActiveCfg = Debug|Any CPU
		{7E75FBF0-35C9-44D9-B161-5C46C8720282}.Debug|Any CPU.Build.0 = Debug|Any CPU
		{7E75FBF0-35C9-44D9-B161-5C46C8720282}.Debug|Mixed Platforms.ActiveCfg = Debug|Any CPU
		{7E75FBF0-35C9-44D9-B161-5C46C8720282}.Debug|Mixed Platforms.Build.0 = Debug|Any CPU
		{7E75FBF0-35C9-44D9-B161-5C46C8720282}.Debug|Win32.ActiveCfg = Debug|Any CPU
		{7E75FBF0-35C9-44D9-B161-5C46C8720282}.Debug|x86.ActiveCfg = Debug|Any CPU
		{7E75FBF0-35C9-44D9-B161-5C46C8720282}.Release|Any CPU.ActiveCfg = Release|Any CPU
		{7E75FBF0-35C9-44D9-B161-5C46C8720282}.Release|Any CPU.Build.0 = Release|Any CPU
		{7E75FBF0-35C9-44D9-B161-5C46C8720282}.Release|Mixed Platforms.ActiveCfg = Release|Any CPU
		{7E75FBF0-35C9-44D9-B161-5C46C8720282}.Release|Mixed Platforms.Build.0 = Release|Any CPU
		{7E75FBF0-35C9-44D9-B161-5C46C8720282}.Release|Win32.ActiveCfg = Release|Any CPU
		{7E75FBF0-35C9-44D9-B161-5C46C8720282}.Release|x86.ActiveCfg = Release|Any CPU
		{DFD5350B-25F8-4D43-BA78-FFB7571BC52E}.Debug|Any CPU.ActiveCfg = Debug|Any CPU
		{DFD5350B-25F8-4D43-BA78-FFB7571BC52E}.Debug|Any CPU.Build.0 = Debug|Any CPU
		{DFD5350B-25F8-4D43-BA78-FFB7571BC52E}.Debug|Mixed Platforms.ActiveCfg = Debug|Any CPU
		{DFD5350B-25F8-4D43-BA78-FFB7571BC52E}.Debug|Mixed Platforms.Build.0 = Debug|Any CPU
		{DFD5350B-25F8-4D43-BA78-FFB7571BC52E}.Debug|Win32.ActiveCfg = Debug|Any CPU
		{DFD5350B-25F8-4D43-BA78-FFB7571BC52E}.Debug|x86.ActiveCfg = Debug|Any CPU
		{DFD5350B-25F8-4D43-BA78-FFB7571BC52E}.Release|Any CPU.ActiveCfg = Release|Any CPU
		{DFD5350B-25F8-4D43-BA78-FFB7571BC52E}.Release|Any CPU.Build.0 = Release|Any CPU
		{DFD5350B-25F8-4D43-BA78-FFB7571BC52E}.Release|Mixed Platforms.ActiveCfg = Release|Any CPU
		{DFD5350B-25F8-4D43-BA78-FFB7571BC52E}.Release|Mixed Platforms.Build.0 = Release|Any CPU
		{DFD5350B-25F8-4D43-BA78-FFB7571BC52E}.Release|Win32.ActiveCfg = Release|Any CPU
		{DFD5350B-25F8-4D43-BA78-FFB7571BC52E}.Release|x86.ActiveCfg = Release|Any CPU
		{4A3CC0F3-DEB7-4067-A97C-7AAED7F6C383}.Debug|Any CPU.ActiveCfg = Debug|Any CPU
		{4A3CC0F3-DEB7-4067-A97C-7AAED7F6C383}.Debug|Any CPU.Build.0 = Debug|Any CPU
		{4A3CC0F3-DEB7-4067-A97C-7AAED7F6C383}.Debug|Mixed Platforms.ActiveCfg = Debug|Any CPU
		{4A3CC0F3-DEB7-4067-A97C-7AAED7F6C383}.Debug|Mixed Platforms.Build.0 = Debug|Any CPU
		{4A3CC0F3-DEB7-4067-A97C-7AAED7F6C383}.Debug|Win32.ActiveCfg = Debug|Any CPU
		{4A3CC0F3-DEB7-4067-A97C-7AAED7F6C383}.Debug|x86.ActiveCfg = Debug|Any CPU
		{4A3CC0F3-DEB7-4067-A97C-7AAED7F6C383}.Release|Any CPU.ActiveCfg = Release|Any CPU
		{4A3CC0F3-DEB7-4067-A97C-7AAED7F6C383}.Release|Any CPU.Build.0 = Release|Any CPU
		{4A3CC0F3-DEB7-4067-A97C-7AAED7F6C383}.Release|Mixed Platforms.ActiveCfg = Release|Any CPU
		{4A3CC0F3-DEB7-4067-A97C-7AAED7F6C383}.Release|Mixed Platforms.Build.0 = Release|Any CPU
		{4A3CC0F3-DEB7-4067-A97C-7AAED7F6C383}.Release|Win32.ActiveCfg = Release|Any CPU
		{4A3CC0F3-DEB7-4067-A97C-7AAED7F6C383}.Release|x86.ActiveCfg = Release|Any CPU
		{BA1703A9-A86D-4529-8F6D-F636080F6597}.Debug|Any CPU.ActiveCfg = Debug|Any CPU
		{BA1703A9-A86D-4529-8F6D-F636080F6597}.Debug|Any CPU.Build.0 = Debug|Any CPU
		{BA1703A9-A86D-4529-8F6D-F636080F6597}.Debug|Mixed Platforms.ActiveCfg = Debug|Any CPU
		{BA1703A9-A86D-4529-8F6D-F636080F6597}.Debug|Mixed Platforms.Build.0 = Debug|Any CPU
		{BA1703A9-A86D-4529-8F6D-F636080F6597}.Debug|Win32.ActiveCfg = Debug|Any CPU
		{BA1703A9-A86D-4529-8F6D-F636080F6597}.Debug|x86.ActiveCfg = Debug|Any CPU
		{BA1703A9-A86D-4529-8F6D-F636080F6597}.Release|Any CPU.ActiveCfg = Release|Any CPU
		{BA1703A9-A86D-4529-8F6D-F636080F6597}.Release|Any CPU.Build.0 = Release|Any CPU
		{BA1703A9-A86D-4529-8F6D-F636080F6597}.Release|Mixed Platforms.ActiveCfg = Release|Any CPU
		{BA1703A9-A86D-4529-8F6D-F636080F6597}.Release|Mixed Platforms.Build.0 = Release|Any CPU
		{BA1703A9-A86D-4529-8F6D-F636080F6597}.Release|Win32.ActiveCfg = Release|Any CPU
		{BA1703A9-A86D-4529-8F6D-F636080F6597}.Release|x86.ActiveCfg = Release|Any CPU
		{FAE28269-1FF1-41CC-BE90-F55175BF16E8}.Debug|Any CPU.ActiveCfg = Debug|x86
		{FAE28269-1FF1-41CC-BE90-F55175BF16E8}.Debug|Mixed Platforms.ActiveCfg = Debug|x86
		{FAE28269-1FF1-41CC-BE90-F55175BF16E8}.Debug|Mixed Platforms.Build.0 = Debug|x86
		{FAE28269-1FF1-41CC-BE90-F55175BF16E8}.Debug|Win32.ActiveCfg = Debug|x86
		{FAE28269-1FF1-41CC-BE90-F55175BF16E8}.Debug|Win32.Build.0 = Debug|x86
		{FAE28269-1FF1-41CC-BE90-F55175BF16E8}.Debug|x86.ActiveCfg = Debug|x86
		{FAE28269-1FF1-41CC-BE90-F55175BF16E8}.Debug|x86.Build.0 = Debug|x86
		{FAE28269-1FF1-41CC-BE90-F55175BF16E8}.Release|Any CPU.ActiveCfg = Release|x86
		{FAE28269-1FF1-41CC-BE90-F55175BF16E8}.Release|Mixed Platforms.ActiveCfg = Release|x86
		{FAE28269-1FF1-41CC-BE90-F55175BF16E8}.Release|Mixed Platforms.Build.0 = Release|x86
		{FAE28269-1FF1-41CC-BE90-F55175BF16E8}.Release|Win32.ActiveCfg = Release|x86
		{FAE28269-1FF1-41CC-BE90-F55175BF16E8}.Release|Win32.Build.0 = Release|x86
		{FAE28269-1FF1-41CC-BE90-F55175BF16E8}.Release|x86.ActiveCfg = Release|x86
		{FAE28269-1FF1-41CC-BE90-F55175BF16E8}.Release|x86.Build.0 = Release|x86
		{77CF806F-87A4-48DE-A983-41144B931D1E}.Debug|Any CPU.ActiveCfg = Debug|Any CPU
		{77CF806F-87A4-48DE-A983-41144B931D1E}.Debug|Any CPU.Build.0 = Debug|Any CPU
		{77CF806F-87A4-48DE-A983-41144B931D1E}.Debug|Mixed Platforms.ActiveCfg = Debug|Any CPU
		{77CF806F-87A4-48DE-A983-41144B931D1E}.Debug|Mixed Platforms.Build.0 = Debug|Any CPU
		{77CF806F-87A4-48DE-A983-41144B931D1E}.Debug|Win32.ActiveCfg = Debug|Any CPU
		{77CF806F-87A4-48DE-A983-41144B931D1E}.Debug|x86.ActiveCfg = Debug|Any CPU
		{77CF806F-87A4-48DE-A983-41144B931D1E}.Release|Any CPU.ActiveCfg = Release|Any CPU
		{77CF806F-87A4-48DE-A983-41144B931D1E}.Release|Any CPU.Build.0 = Release|Any CPU
		{77CF806F-87A4-48DE-A983-41144B931D1E}.Release|Mixed Platforms.ActiveCfg = Release|Any CPU
		{77CF806F-87A4-48DE-A983-41144B931D1E}.Release|Mixed Platforms.Build.0 = Release|Any CPU
		{77CF806F-87A4-48DE-A983-41144B931D1E}.Release|Win32.ActiveCfg = Release|Any CPU
		{77CF806F-87A4-48DE-A983-41144B931D1E}.Release|x86.ActiveCfg = Release|Any CPU
		{1BA543B3-20F1-413D-A1AC-B0046105E57F}.Debug|Any CPU.ActiveCfg = Debug|Any CPU
		{1BA543B3-20F1-413D-A1AC-B0046105E57F}.Debug|Any CPU.Build.0 = Debug|Any CPU
		{1BA543B3-20F1-413D-A1AC-B0046105E57F}.Debug|Mixed Platforms.ActiveCfg = Debug|Any CPU
		{1BA543B3-20F1-413D-A1AC-B0046105E57F}.Debug|Mixed Platforms.Build.0 = Debug|Any CPU
		{1BA543B3-20F1-413D-A1AC-B0046105E57F}.Debug|Win32.ActiveCfg = Debug|Any CPU
		{1BA543B3-20F1-413D-A1AC-B0046105E57F}.Debug|Win32.Build.0 = Debug|Any CPU
		{1BA543B3-20F1-413D-A1AC-B0046105E57F}.Debug|x86.ActiveCfg = Debug|Any CPU
		{1BA543B3-20F1-413D-A1AC-B0046105E57F}.Debug|x86.Build.0 = Debug|Any CPU
		{1BA543B3-20F1-413D-A1AC-B0046105E57F}.Release|Any CPU.ActiveCfg = Release|Any CPU
		{1BA543B3-20F1-413D-A1AC-B0046105E57F}.Release|Any CPU.Build.0 = Release|Any CPU
		{1BA543B3-20F1-413D-A1AC-B0046105E57F}.Release|Mixed Platforms.ActiveCfg = Release|Any CPU
		{1BA543B3-20F1-413D-A1AC-B0046105E57F}.Release|Mixed Platforms.Build.0 = Release|Any CPU
		{1BA543B3-20F1-413D-A1AC-B0046105E57F}.Release|Win32.ActiveCfg = Release|Any CPU
		{1BA543B3-20F1-413D-A1AC-B0046105E57F}.Release|Win32.Build.0 = Release|Any CPU
		{1BA543B3-20F1-413D-A1AC-B0046105E57F}.Release|x86.ActiveCfg = Release|Any CPU
		{1BA543B3-20F1-413D-A1AC-B0046105E57F}.Release|x86.Build.0 = Release|Any CPU
	EndGlobalSection
	GlobalSection(SolutionProperties) = preSolution
		HideSolutionNode = FALSE
	EndGlobalSection
EndGlobal
